Microsoft Visual Studio Solution File, Format Version 12.00
# Visual Studio Version 17
VisualStudioVersion = 17.5.2.0
MinimumVisualStudioVersion = 10.0.40219.1
Project("{FAE04EC0-301F-11D3-BF4B-00C04F79EFBC}") = "Week2", "Week2\Week2.csproj", "{97ED50B4-1083-9A92-2D3A-2EC3C5850089}"
EndProject
Project("{FAE04EC0-301F-11D3-BF4B-00C04F79EFBC}") = "Week3", "Week3\Week3.csproj", "{94337568-5F27-5364-1CBF-3A5EA9378452}"
EndProject
Global
	GlobalSection(SolutionConfigurationPlatforms) = preSolution
		Debug|Any CPU = Debug|Any CPU
		Release|Any CPU = Release|Any CPU
	EndGlobalSection
	GlobalSection(ProjectConfigurationPlatforms) = postSolution
		{97ED50B4-1083-9A92-2D3A-2EC3C5850089}.Debug|Any CPU.ActiveCfg = Debug|Any CPU
		{97ED50B4-1083-9A92-2D3A-2EC3C5850089}.Debug|Any CPU.Build.0 = Debug|Any CPU
		{97ED50B4-1083-9A92-2D3A-2EC3C5850089}.Release|Any CPU.ActiveCfg = Release|Any CPU
		{97ED50B4-1083-9A92-2D3A-2EC3C5850089}.Release|Any CPU.Build.0 = Release|Any CPU
		{94337568-5F27-5364-1CBF-3A5EA9378452}.Debug|Any CPU.ActiveCfg = Debug|Any CPU
		{94337568-5F27-5364-1CBF-3A5EA9378452}.Debug|Any CPU.Build.0 = Debug|Any CPU
		{94337568-5F27-5364-1CBF-3A5EA9378452}.Release|Any CPU.ActiveCfg = Release|Any CPU
		{94337568-5F27-5364-1CBF-3A5EA9378452}.Release|Any CPU.Build.0 = Release|Any CPU
	EndGlobalSection
	GlobalSection(SolutionProperties) = preSolution
		HideSolutionNode = FALSE
	EndGlobalSection
	GlobalSection(ExtensibilityGlobals) = postSolution
		SolutionGuid = {A5EB899C-63AF-4271-8C3B-B171D73A8405}
	EndGlobalSection
EndGlobal
